
Microsoft Visual Studio Solution File, Format Version 12.00
# Visual Studio 14
VisualStudioVersion = 14.0.24720.0
MinimumVisualStudioVersion = 10.0.40219.1
Project("{8BC9CEB8-8B4A-11D0-8D11-00A0C91BC942}") = "TestServer", "TestServer\TestServer.vcxproj", "{790D71EB-44A8-4D2E-B90C-5DDAD02CA884}"
EndProject
Project("{8BC9CEB8-8B4A-11D0-8D11-00A0C91BC942}") = "TestClient", "TestClient\TestClient.vcxproj", "{FF79C92F-1766-46F5-8F35-CF7EC8DE340D}"
EndProject
Project("{8BC9CEB8-8B4A-11D0-8D11-00A0C91BC942}") = "TestEtc", "TestEtc\TestEtc.vcxproj", "{F7E7DD84-8D42-4339-83B6-86664487943C}"
EndProject
Global
	GlobalSection(SolutionConfigurationPlatforms) = preSolution
		Debug|x64 = Debug|x64
		Debug|x86 = Debug|x86
		Release|x64 = Release|x64
		Release|x86 = Release|x86
	EndGlobalSection
	GlobalSection(ProjectConfigurationPlatforms) = postSolution
		{790D71EB-44A8-4D2E-B90C-5DDAD02CA884}.Debug|x64.ActiveCfg = Debug|x64
		{790D71EB-44A8-4D2E-B90C-5DDAD02CA884}.Debug|x64.Build.0 = Debug|x64
		{790D71EB-44A8-4D2E-B90C-5DDAD02CA884}.Debug|x86.ActiveCfg = Debug|Win32
		{790D71EB-44A8-4D2E-B90C-5DDAD02CA884}.Debug|x86.Build.0 = Debug|Win32
		{790D71EB-44A8-4D2E-B90C-5DDAD02CA884}.Release|x64.ActiveCfg = Release|x64
		{790D71EB-44A8-4D2E-B90C-5DDAD02CA884}.Release|x64.Build.0 = Release|x64
		{790D71EB-44A8-4D2E-B90C-5DDAD02CA884}.Release|x86.ActiveCfg = Release|Win32
		{790D71EB-44A8-4D2E-B90C-5DDAD02CA884}.Release|x86.Build.0 = Release|Win32
		{FF79C92F-1766-46F5-8F35-CF7EC8DE340D}.Debug|x64.ActiveCfg = Debug|x64
		{FF79C92F-1766-46F5-8F35-CF7EC8DE340D}.Debug|x64.Build.0 = Debug|x64
		{FF79C92F-1766-46F5-8F35-CF7EC8DE340D}.Debug|x86.ActiveCfg = Debug|Win32
		{FF79C92F-1766-46F5-8F35-CF7EC8DE340D}.Debug|x86.Build.0 = Debug|Win32
		{FF79C92F-1766-46F5-8F35-CF7EC8DE340D}.Release|x64.ActiveCfg = Release|x64
		{FF79C92F-1766-46F5-8F35-CF7EC8DE340D}.Release|x64.Build.0 = Release|x64
		{FF79C92F-1766-46F5-8F35-CF7EC8DE340D}.Release|x86.ActiveCfg = Release|Win32
		{FF79C92F-1766-46F5-8F35-CF7EC8DE340D}.Release|x86.Build.0 = Release|Win32
		{F7E7DD84-8D42-4339-83B6-86664487943C}.Debug|x64.ActiveCfg = Debug|x64
		{F7E7DD84-8D42-4339-83B6-86664487943C}.Debug|x64.Build.0 = Debug|x64
		{F7E7DD84-8D42-4339-83B6-86664487943C}.Debug|x86.ActiveCfg = Debug|Win32
		{F7E7DD84-8D42-4339-83B6-86664487943C}.Debug|x86.Build.0 = Debug|Win32
		{F7E7DD84-8D42-4339-83B6-86664487943C}.Release|x64.ActiveCfg = Release|x64
		{F7E7DD84-8D42-4339-83B6-86664487943C}.Release|x64.Build.0 = Release|x64
		{F7E7DD84-8D42-4339-83B6-86664487943C}.Release|x86.ActiveCfg = Release|Win32
		{F7E7DD84-8D42-4339-83B6-86664487943C}.Release|x86.Build.0 = Release|Win32
	EndGlobalSection
	GlobalSection(SolutionProperties) = preSolution
		HideSolutionNode = FALSE
	EndGlobalSection
EndGlobal
